
Microsoft Visual Studio Solution File, Format Version 12.00
Project("{FAE04EC0-301F-11D3-BF4B-00C04F79EFBC}") = "Task1", "Task1\Task1.csproj", "{E5A99E73-5378-4A0F-B97C-64AACC3BAF23}"
EndProject
Project("{FAE04EC0-301F-11D3-BF4B-00C04F79EFBC}") = "Task2", "Task2\Task2.csproj", "{B53D3016-FA7A-4F6B-871C-6BB9135DA9B2}"
EndProject
Project("{FAE04EC0-301F-11D3-BF4B-00C04F79EFBC}") = "Task3", "Task3\Task3.csproj", "{79EA4360-1821-4C94-A7D0-0313470EFAAD}"
EndProject
Project("{FAE04EC0-301F-11D3-BF4B-00C04F79EFBC}") = "Task4", "Task4\Task4.csproj", "{C9BD3BBE-80D3-48A4-93A7-033859036350}"
EndProject
Project("{FAE04EC0-301F-11D3-BF4B-00C04F79EFBC}") = "Task5", "Task5\Task5.csproj", "{10C1CE72-8EB8-4C6B-B550-8B55B7563965}"
EndProject
Project("{FAE04EC0-301F-11D3-BF4B-00C04F79EFBC}") = "Task6", "Task6\Task6.csproj", "{DC56206A-B527-4D75-9852-59D2DDB6B84E}"
EndProject
Global
	GlobalSection(SolutionConfigurationPlatforms) = preSolution
		Debug|Any CPU = Debug|Any CPU
		Release|Any CPU = Release|Any CPU
	EndGlobalSection
	GlobalSection(ProjectConfigurationPlatforms) = postSolution
		{E5A99E73-5378-4A0F-B97C-64AACC3BAF23}.Debug|Any CPU.ActiveCfg = Debug|Any CPU
		{E5A99E73-5378-4A0F-B97C-64AACC3BAF23}.Debug|Any CPU.Build.0 = Debug|Any CPU
		{E5A99E73-5378-4A0F-B97C-64AACC3BAF23}.Release|Any CPU.ActiveCfg = Release|Any CPU
		{E5A99E73-5378-4A0F-B97C-64AACC3BAF23}.Release|Any CPU.Build.0 = Release|Any CPU
		{B53D3016-FA7A-4F6B-871C-6BB9135DA9B2}.Debug|Any CPU.ActiveCfg = Debug|Any CPU
		{B53D3016-FA7A-4F6B-871C-6BB9135DA9B2}.Debug|Any CPU.Build.0 = Debug|Any CPU
		{B53D3016-FA7A-4F6B-871C-6BB9135DA9B2}.Release|Any CPU.ActiveCfg = Release|Any CPU
		{B53D3016-FA7A-4F6B-871C-6BB9135DA9B2}.Release|Any CPU.Build.0 = Release|Any CPU
		{79EA4360-1821-4C94-A7D0-0313470EFAAD}.Debug|Any CPU.ActiveCfg = Debug|Any CPU
		{79EA4360-1821-4C94-A7D0-0313470EFAAD}.Debug|Any CPU.Build.0 = Debug|Any CPU
		{79EA4360-1821-4C94-A7D0-0313470EFAAD}.Release|Any CPU.ActiveCfg = Release|Any CPU
		{79EA4360-1821-4C94-A7D0-0313470EFAAD}.Release|Any CPU.Build.0 = Release|Any CPU
		{C9BD3BBE-80D3-48A4-93A7-033859036350}.Debug|Any CPU.ActiveCfg = Debug|Any CPU
		{C9BD3BBE-80D3-48A4-93A7-033859036350}.Debug|Any CPU.Build.0 = Debug|Any CPU
		{C9BD3BBE-80D3-48A4-93A7-033859036350}.Release|Any CPU.ActiveCfg = Release|Any CPU
		{C9BD3BBE-80D3-48A4-93A7-033859036350}.Release|Any CPU.Build.0 = Release|Any CPU
		{10C1CE72-8EB8-4C6B-B550-8B55B7563965}.Debug|Any CPU.ActiveCfg = Debug|Any CPU
		{10C1CE72-8EB8-4C6B-B550-8B55B7563965}.Debug|Any CPU.Build.0 = Debug|Any CPU
		{10C1CE72-8EB8-4C6B-B550-8B55B7563965}.Release|Any CPU.ActiveCfg = Release|Any CPU
		{10C1CE72-8EB8-4C6B-B550-8B55B7563965}.Release|Any CPU.Build.0 = Release|Any CPU
		{DC56206A-B527-4D75-9852-59D2DDB6B84E}.Debug|Any CPU.ActiveCfg = Debug|Any CPU
		{DC56206A-B527-4D75-9852-59D2DDB6B84E}.Debug|Any CPU.Build.0 = Debug|Any CPU
		{DC56206A-B527-4D75-9852-59D2DDB6B84E}.Release|Any CPU.ActiveCfg = Release|Any CPU
		{DC56206A-B527-4D75-9852-59D2DDB6B84E}.Release|Any CPU.Build.0 = Release|Any CPU
	EndGlobalSection
EndGlobal
